
Microsoft Visual Studio Solution File, Format Version 12.00
# Visual Studio Version 17
VisualStudioVersion = 17.12.35527.113
MinimumVisualStudioVersion = 10.0.40219.1
Project("{FAE04EC0-301F-11D3-BF4B-00C04F79EFBC}") = "PRN231", "PRN231\PRN231.csproj", "{4491EF67-9E2B-42DA-9DA8-152F42DE7FED}"
EndProject
Project("{FAE04EC0-301F-11D3-BF4B-00C04F79EFBC}") = "DAL", "DAL\DAL.csproj", "{66F0EA9A-9077-4A5F-9675-CEB68F4AE30B}"
EndProject
Global
	GlobalSection(SolutionConfigurationPlatforms) = preSolution
		Debug|Any CPU = Debug|Any CPU
		Release|Any CPU = Release|Any CPU
	EndGlobalSection
	GlobalSection(ProjectConfigurationPlatforms) = postSolution
		{4491EF67-9E2B-42DA-9DA8-152F42DE7FED}.Debug|Any CPU.ActiveCfg = Debug|Any CPU
		{4491EF67-9E2B-42DA-9DA8-152F42DE7FED}.Debug|Any CPU.Build.0 = Debug|Any CPU
		{4491EF67-9E2B-42DA-9DA8-152F42DE7FED}.Release|Any CPU.ActiveCfg = Release|Any CPU
		{4491EF67-9E2B-42DA-9DA8-152F42DE7FED}.Release|Any CPU.Build.0 = Release|Any CPU
		{66F0EA9A-9077-4A5F-9675-CEB68F4AE30B}.Debug|Any CPU.ActiveCfg = Debug|Any CPU
		{66F0EA9A-9077-4A5F-9675-CEB68F4AE30B}.Debug|Any CPU.Build.0 = Debug|Any CPU
		{66F0EA9A-9077-4A5F-9675-CEB68F4AE30B}.Release|Any CPU.ActiveCfg = Release|Any CPU
		{66F0EA9A-9077-4A5F-9675-CEB68F4AE30B}.Release|Any CPU.Build.0 = Release|Any CPU
	EndGlobalSection
	GlobalSection(SolutionProperties) = preSolution
		HideSolutionNode = FALSE
	EndGlobalSection
EndGlobal
